// !$*UTF8*$!
{
	archiveVersion = 1;
	classes = {
	};
	objectVersion = 50;
	objects = {

/* Begin PBXBuildFile section */
		A95BD2BC215D1CDB009B84FD /* OFFSDKiOS.framework in Frameworks */ = {isa = PBXBuildFile; fileRef = A95BD2B3215D1CDB009B84FD /* OFFSDKiOS.framework */; };
		A95BD2C1215D1CDB009B84FD /* OFFSDKiOSTests.swift in Sources */ = {isa = PBXBuildFile; fileRef = A95BD2C0215D1CDB009B84FD /* OFFSDKiOSTests.swift */; };
		A95BD2C3215D1CDB009B84FD /* OFFSDKiOS.h in Headers */ = {isa = PBXBuildFile; fileRef = A95BD2B5215D1CDB009B84FD /* OFFSDKiOS.h */; settings = {ATTRIBUTES = (Public, ); }; };
		A95BD2D8215D1D08009B84FD /* OFFSDKmacOS.framework in Frameworks */ = {isa = PBXBuildFile; fileRef = A95BD2CF215D1D08009B84FD /* OFFSDKmacOS.framework */; };
		A95BD2DD215D1D08009B84FD /* OFFSDKmacOSTests.swift in Sources */ = {isa = PBXBuildFile; fileRef = A95BD2DC215D1D08009B84FD /* OFFSDKmacOSTests.swift */; };
		A95BD2DF215D1D08009B84FD /* OFFSDKmacOS.h in Headers */ = {isa = PBXBuildFile; fileRef = A95BD2D1215D1D08009B84FD /* OFFSDKmacOS.h */; settings = {ATTRIBUTES = (Public, ); }; };
		A95BD2F4215D1D25009B84FD /* OFFSDKtvOS.framework in Frameworks */ = {isa = PBXBuildFile; fileRef = A95BD2EB215D1D24009B84FD /* OFFSDKtvOS.framework */; };
		A95BD2F9215D1D25009B84FD /* OFFSDKtvOSTests.swift in Sources */ = {isa = PBXBuildFile; fileRef = A95BD2F8215D1D25009B84FD /* OFFSDKtvOSTests.swift */; };
		A95BD2FB215D1D25009B84FD /* OFFSDKtvOS.h in Headers */ = {isa = PBXBuildFile; fileRef = A95BD2ED215D1D25009B84FD /* OFFSDKtvOS.h */; settings = {ATTRIBUTES = (Public, ); }; };
		A95BD304215D1E5D009B84FD /* HTTPStatusCodes+Extensions.swift in Sources */ = {isa = PBXBuildFile; fileRef = A95BD302215D1E5C009B84FD /* HTTPStatusCodes+Extensions.swift */; };
		A95BD305215D1E5D009B84FD /* HTTPStatusCodes+Extensions.swift in Sources */ = {isa = PBXBuildFile; fileRef = A95BD302215D1E5C009B84FD /* HTTPStatusCodes+Extensions.swift */; };
		A95BD306215D1E5D009B84FD /* HTTPStatusCodes+Extensions.swift in Sources */ = {isa = PBXBuildFile; fileRef = A95BD302215D1E5C009B84FD /* HTTPStatusCodes+Extensions.swift */; };
		A95BD307215D1E5D009B84FD /* HTTPStatusCodes.swift in Sources */ = {isa = PBXBuildFile; fileRef = A95BD303215D1E5D009B84FD /* HTTPStatusCodes.swift */; };
		A95BD308215D1E5D009B84FD /* HTTPStatusCodes.swift in Sources */ = {isa = PBXBuildFile; fileRef = A95BD303215D1E5D009B84FD /* HTTPStatusCodes.swift */; };
		A95BD309215D1E5D009B84FD /* HTTPStatusCodes.swift in Sources */ = {isa = PBXBuildFile; fileRef = A95BD303215D1E5D009B84FD /* HTTPStatusCodes.swift */; };
		A95BD311215D1F2A009B84FD /* SessionRequest.swift in Sources */ = {isa = PBXBuildFile; fileRef = A95BD310215D1F2A009B84FD /* SessionRequest.swift */; };
		A95BD312215D1F2A009B84FD /* SessionRequest.swift in Sources */ = {isa = PBXBuildFile; fileRef = A95BD310215D1F2A009B84FD /* SessionRequest.swift */; };
		A95BD313215D1F2A009B84FD /* SessionRequest.swift in Sources */ = {isa = PBXBuildFile; fileRef = A95BD310215D1F2A009B84FD /* SessionRequest.swift */; };
		A95BD316215D1F5D009B84FD /* NetworkService.swift in Sources */ = {isa = PBXBuildFile; fileRef = A95BD315215D1F5D009B84FD /* NetworkService.swift */; };
		A95BD317215D1F5D009B84FD /* NetworkService.swift in Sources */ = {isa = PBXBuildFile; fileRef = A95BD315215D1F5D009B84FD /* NetworkService.swift */; };
		A95BD318215D1F5D009B84FD /* NetworkService.swift in Sources */ = {isa = PBXBuildFile; fileRef = A95BD315215D1F5D009B84FD /* NetworkService.swift */; };
		A95BD31A215D1F85009B84FD /* HTTPMethod.swift in Sources */ = {isa = PBXBuildFile; fileRef = A95BD319215D1F85009B84FD /* HTTPMethod.swift */; };
		A95BD31B215D1F85009B84FD /* HTTPMethod.swift in Sources */ = {isa = PBXBuildFile; fileRef = A95BD319215D1F85009B84FD /* HTTPMethod.swift */; };
		A95BD31C215D1F85009B84FD /* HTTPMethod.swift in Sources */ = {isa = PBXBuildFile; fileRef = A95BD319215D1F85009B84FD /* HTTPMethod.swift */; };
		A95BD322215D2096009B84FD /* MMJResult.swift in Sources */ = {isa = PBXBuildFile; fileRef = A95BD321215D2096009B84FD /* MMJResult.swift */; };
		A95BD323215D2096009B84FD /* MMJResult.swift in Sources */ = {isa = PBXBuildFile; fileRef = A95BD321215D2096009B84FD /* MMJResult.swift */; };
		A95BD324215D2096009B84FD /* MMJResult.swift in Sources */ = {isa = PBXBuildFile; fileRef = A95BD321215D2096009B84FD /* MMJResult.swift */; };
		A95BD326215D209F009B84FD /* Problem.swift in Sources */ = {isa = PBXBuildFile; fileRef = A95BD325215D209F009B84FD /* Problem.swift */; };
		A95BD327215D209F009B84FD /* Problem.swift in Sources */ = {isa = PBXBuildFile; fileRef = A95BD325215D209F009B84FD /* Problem.swift */; };
		A95BD328215D209F009B84FD /* Problem.swift in Sources */ = {isa = PBXBuildFile; fileRef = A95BD325215D209F009B84FD /* Problem.swift */; };
		A95BD32A215D20BD009B84FD /* Codable+Tools.swift in Sources */ = {isa = PBXBuildFile; fileRef = A95BD329215D20BD009B84FD /* Codable+Tools.swift */; };
		A95BD32B215D20BD009B84FD /* Codable+Tools.swift in Sources */ = {isa = PBXBuildFile; fileRef = A95BD329215D20BD009B84FD /* Codable+Tools.swift */; };
		A95BD32C215D20BD009B84FD /* Codable+Tools.swift in Sources */ = {isa = PBXBuildFile; fileRef = A95BD329215D20BD009B84FD /* Codable+Tools.swift */; };
		A95BD32E215D2114009B84FD /* ErrorDataObject.swift in Sources */ = {isa = PBXBuildFile; fileRef = A95BD32D215D2114009B84FD /* ErrorDataObject.swift */; };
		A95BD32F215D2114009B84FD /* ErrorDataObject.swift in Sources */ = {isa = PBXBuildFile; fileRef = A95BD32D215D2114009B84FD /* ErrorDataObject.swift */; };
		A95BD330215D2114009B84FD /* ErrorDataObject.swift in Sources */ = {isa = PBXBuildFile; fileRef = A95BD32D215D2114009B84FD /* ErrorDataObject.swift */; };
		A95BD332215D21A7009B84FD /* ApiError.swift in Sources */ = {isa = PBXBuildFile; fileRef = A95BD331215D21A7009B84FD /* ApiError.swift */; };
		A95BD333215D21A7009B84FD /* ApiError.swift in Sources */ = {isa = PBXBuildFile; fileRef = A95BD331215D21A7009B84FD /* ApiError.swift */; };
		A95BD334215D21A7009B84FD /* ApiError.swift in Sources */ = {isa = PBXBuildFile; fileRef = A95BD331215D21A7009B84FD /* ApiError.swift */; };
		A95BD336215D2294009B84FD /* Promise.swift in Sources */ = {isa = PBXBuildFile; fileRef = A95BD335215D2294009B84FD /* Promise.swift */; };
		A95BD337215D2294009B84FD /* Promise.swift in Sources */ = {isa = PBXBuildFile; fileRef = A95BD335215D2294009B84FD /* Promise.swift */; };
		A95BD338215D2294009B84FD /* Promise.swift in Sources */ = {isa = PBXBuildFile; fileRef = A95BD335215D2294009B84FD /* Promise.swift */; };
		A95BD33A215D2FA9009B84FD /* Query.swift in Sources */ = {isa = PBXBuildFile; fileRef = A95BD339215D2FA9009B84FD /* Query.swift */; };
		A95BD33B215D2FA9009B84FD /* Query.swift in Sources */ = {isa = PBXBuildFile; fileRef = A95BD339215D2FA9009B84FD /* Query.swift */; };
		A95BD33C215D2FA9009B84FD /* Query.swift in Sources */ = {isa = PBXBuildFile; fileRef = A95BD339215D2FA9009B84FD /* Query.swift */; };
		A95BD33E215D30DE009B84FD /* NetworkActivityIndicator.swift in Sources */ = {isa = PBXBuildFile; fileRef = A95BD33D215D30DE009B84FD /* NetworkActivityIndicator.swift */; };
		A95BD33F215D30DE009B84FD /* NetworkActivityIndicator.swift in Sources */ = {isa = PBXBuildFile; fileRef = A95BD33D215D30DE009B84FD /* NetworkActivityIndicator.swift */; };
		A95BD340215D30DE009B84FD /* NetworkActivityIndicator.swift in Sources */ = {isa = PBXBuildFile; fileRef = A95BD33D215D30DE009B84FD /* NetworkActivityIndicator.swift */; };
		A95BD348215D31DF009B84FD /* AppDelegate.swift in Sources */ = {isa = PBXBuildFile; fileRef = A95BD347215D31DF009B84FD /* AppDelegate.swift */; };
		A95BD34A215D31DF009B84FD /* ViewController.swift in Sources */ = {isa = PBXBuildFile; fileRef = A95BD349215D31DF009B84FD /* ViewController.swift */; };
		A95BD34D215D31DF009B84FD /* Main.storyboard in Resources */ = {isa = PBXBuildFile; fileRef = A95BD34B215D31DF009B84FD /* Main.storyboard */; };
		A95BD34F215D31E1009B84FD /* Assets.xcassets in Resources */ = {isa = PBXBuildFile; fileRef = A95BD34E215D31E1009B84FD /* Assets.xcassets */; };
		A95BD352215D31E1009B84FD /* LaunchScreen.storyboard in Resources */ = {isa = PBXBuildFile; fileRef = A95BD350215D31E1009B84FD /* LaunchScreen.storyboard */; };
		A95BD35D215D31E1009B84FD /* OFFSDKiOSAppTests.swift in Sources */ = {isa = PBXBuildFile; fileRef = A95BD35C215D31E1009B84FD /* OFFSDKiOSAppTests.swift */; };
		A95BD366215D329C009B84FD /* OFFSDKiOS.framework in Frameworks */ = {isa = PBXBuildFile; fileRef = A95BD2B3215D1CDB009B84FD /* OFFSDKiOS.framework */; };
		A95BD368215D3345009B84FD /* NetworkService+Promise.swift in Sources */ = {isa = PBXBuildFile; fileRef = A95BD367215D3345009B84FD /* NetworkService+Promise.swift */; };
		A95BD369215D3345009B84FD /* NetworkService+Promise.swift in Sources */ = {isa = PBXBuildFile; fileRef = A95BD367215D3345009B84FD /* NetworkService+Promise.swift */; };
		A95BD36A215D3345009B84FD /* NetworkService+Promise.swift in Sources */ = {isa = PBXBuildFile; fileRef = A95BD367215D3345009B84FD /* NetworkService+Promise.swift */; };
		A95BD36C215D336A009B84FD /* NetworkService+REST.swift in Sources */ = {isa = PBXBuildFile; fileRef = A95BD36B215D336A009B84FD /* NetworkService+REST.swift */; };
		A95BD36D215D336A009B84FD /* NetworkService+REST.swift in Sources */ = {isa = PBXBuildFile; fileRef = A95BD36B215D336A009B84FD /* NetworkService+REST.swift */; };
		A95BD36E215D336A009B84FD /* NetworkService+REST.swift in Sources */ = {isa = PBXBuildFile; fileRef = A95BD36B215D336A009B84FD /* NetworkService+REST.swift */; };
/* End PBXBuildFile section */

/* Begin PBXContainerItemProxy section */
		A95BD2BD215D1CDB009B84FD /* PBXContainerItemProxy */ = {
			isa = PBXContainerItemProxy;
			containerPortal = A95BD28B215D1C80009B84FD /* Project object */;
			proxyType = 1;
			remoteGlobalIDString = A95BD2B2215D1CDB009B84FD;
			remoteInfo = OFFSDKiOS;
		};
		A95BD2D9215D1D08009B84FD /* PBXContainerItemProxy */ = {
			isa = PBXContainerItemProxy;
			containerPortal = A95BD28B215D1C80009B84FD /* Project object */;
			proxyType = 1;
			remoteGlobalIDString = A95BD2CE215D1D08009B84FD;
			remoteInfo = OFFSDKmacOS;
		};
		A95BD2F5215D1D25009B84FD /* PBXContainerItemProxy */ = {
			isa = PBXContainerItemProxy;
			containerPortal = A95BD28B215D1C80009B84FD /* Project object */;
			proxyType = 1;
			remoteGlobalIDString = A95BD2EA215D1D24009B84FD;
			remoteInfo = OFFSDKtvOS;
		};
		A95BD359215D31E1009B84FD /* PBXContainerItemProxy */ = {
			isa = PBXContainerItemProxy;
			containerPortal = A95BD28B215D1C80009B84FD /* Project object */;
			proxyType = 1;
			remoteGlobalIDString = A95BD344215D31DF009B84FD;
			remoteInfo = OFFSDKiOSApp;
		};
/* End PBXContainerItemProxy section */

/* Begin PBXFileReference section */
		A95BD2B3215D1CDB009B84FD /* OFFSDKiOS.framework */ = {isa = PBXFileReference; explicitFileType = wrapper.framework; includeInIndex = 0; path = OFFSDKiOS.framework; sourceTree = BUILT_PRODUCTS_DIR; };
		A95BD2B5215D1CDB009B84FD /* OFFSDKiOS.h */ = {isa = PBXFileReference; lastKnownFileType = sourcecode.c.h; path = OFFSDKiOS.h; sourceTree = "<group>"; };
		A95BD2B6215D1CDB009B84FD /* Info.plist */ = {isa = PBXFileReference; lastKnownFileType = text.plist.xml; path = Info.plist; sourceTree = "<group>"; };
		A95BD2BB215D1CDB009B84FD /* OFFSDKiOSTests.xctest */ = {isa = PBXFileReference; explicitFileType = wrapper.cfbundle; includeInIndex = 0; path = OFFSDKiOSTests.xctest; sourceTree = BUILT_PRODUCTS_DIR; };
		A95BD2C0215D1CDB009B84FD /* OFFSDKiOSTests.swift */ = {isa = PBXFileReference; lastKnownFileType = sourcecode.swift; path = OFFSDKiOSTests.swift; sourceTree = "<group>"; };
		A95BD2C2215D1CDB009B84FD /* Info.plist */ = {isa = PBXFileReference; lastKnownFileType = text.plist.xml; path = Info.plist; sourceTree = "<group>"; };
		A95BD2CF215D1D08009B84FD /* OFFSDKmacOS.framework */ = {isa = PBXFileReference; explicitFileType = wrapper.framework; includeInIndex = 0; path = OFFSDKmacOS.framework; sourceTree = BUILT_PRODUCTS_DIR; };
		A95BD2D1215D1D08009B84FD /* OFFSDKmacOS.h */ = {isa = PBXFileReference; lastKnownFileType = sourcecode.c.h; path = OFFSDKmacOS.h; sourceTree = "<group>"; };
		A95BD2D2215D1D08009B84FD /* Info.plist */ = {isa = PBXFileReference; lastKnownFileType = text.plist.xml; path = Info.plist; sourceTree = "<group>"; };
		A95BD2D7215D1D08009B84FD /* OFFSDKmacOSTests.xctest */ = {isa = PBXFileReference; explicitFileType = wrapper.cfbundle; includeInIndex = 0; path = OFFSDKmacOSTests.xctest; sourceTree = BUILT_PRODUCTS_DIR; };
		A95BD2DC215D1D08009B84FD /* OFFSDKmacOSTests.swift */ = {isa = PBXFileReference; lastKnownFileType = sourcecode.swift; path = OFFSDKmacOSTests.swift; sourceTree = "<group>"; };
		A95BD2DE215D1D08009B84FD /* Info.plist */ = {isa = PBXFileReference; lastKnownFileType = text.plist.xml; path = Info.plist; sourceTree = "<group>"; };
		A95BD2EB215D1D24009B84FD /* OFFSDKtvOS.framework */ = {isa = PBXFileReference; explicitFileType = wrapper.framework; includeInIndex = 0; path = OFFSDKtvOS.framework; sourceTree = BUILT_PRODUCTS_DIR; };
		A95BD2ED215D1D25009B84FD /* OFFSDKtvOS.h */ = {isa = PBXFileReference; lastKnownFileType = sourcecode.c.h; path = OFFSDKtvOS.h; sourceTree = "<group>"; };
		A95BD2EE215D1D25009B84FD /* Info.plist */ = {isa = PBXFileReference; lastKnownFileType = text.plist.xml; path = Info.plist; sourceTree = "<group>"; };
		A95BD2F3215D1D25009B84FD /* OFFSDKtvOSTests.xctest */ = {isa = PBXFileReference; explicitFileType = wrapper.cfbundle; includeInIndex = 0; path = OFFSDKtvOSTests.xctest; sourceTree = BUILT_PRODUCTS_DIR; };
		A95BD2F8215D1D25009B84FD /* OFFSDKtvOSTests.swift */ = {isa = PBXFileReference; lastKnownFileType = sourcecode.swift; path = OFFSDKtvOSTests.swift; sourceTree = "<group>"; };
		A95BD2FA215D1D25009B84FD /* Info.plist */ = {isa = PBXFileReference; lastKnownFileType = text.plist.xml; path = Info.plist; sourceTree = "<group>"; };
		A95BD302215D1E5C009B84FD /* HTTPStatusCodes+Extensions.swift */ = {isa = PBXFileReference; fileEncoding = 4; lastKnownFileType = sourcecode.swift; path = "HTTPStatusCodes+Extensions.swift"; sourceTree = "<group>"; };
		A95BD303215D1E5D009B84FD /* HTTPStatusCodes.swift */ = {isa = PBXFileReference; fileEncoding = 4; lastKnownFileType = sourcecode.swift; path = HTTPStatusCodes.swift; sourceTree = "<group>"; };
		A95BD310215D1F2A009B84FD /* SessionRequest.swift */ = {isa = PBXFileReference; fileEncoding = 4; lastKnownFileType = sourcecode.swift; path = SessionRequest.swift; sourceTree = "<group>"; };
		A95BD315215D1F5D009B84FD /* NetworkService.swift */ = {isa = PBXFileReference; fileEncoding = 4; lastKnownFileType = sourcecode.swift; path = NetworkService.swift; sourceTree = "<group>"; };
		A95BD319215D1F85009B84FD /* HTTPMethod.swift */ = {isa = PBXFileReference; lastKnownFileType = sourcecode.swift; path = HTTPMethod.swift; sourceTree = "<group>"; };
		A95BD321215D2096009B84FD /* MMJResult.swift */ = {isa = PBXFileReference; fileEncoding = 4; lastKnownFileType = sourcecode.swift; path = MMJResult.swift; sourceTree = "<group>"; };
		A95BD325215D209F009B84FD /* Problem.swift */ = {isa = PBXFileReference; fileEncoding = 4; lastKnownFileType = sourcecode.swift; path = Problem.swift; sourceTree = "<group>"; };
		A95BD329215D20BD009B84FD /* Codable+Tools.swift */ = {isa = PBXFileReference; fileEncoding = 4; lastKnownFileType = sourcecode.swift; path = "Codable+Tools.swift"; sourceTree = "<group>"; };
		A95BD32D215D2114009B84FD /* ErrorDataObject.swift */ = {isa = PBXFileReference; fileEncoding = 4; lastKnownFileType = sourcecode.swift; path = ErrorDataObject.swift; sourceTree = "<group>"; };
		A95BD331215D21A7009B84FD /* ApiError.swift */ = {isa = PBXFileReference; fileEncoding = 4; lastKnownFileType = sourcecode.swift; path = ApiError.swift; sourceTree = "<group>"; };
		A95BD335215D2294009B84FD /* Promise.swift */ = {isa = PBXFileReference; fileEncoding = 4; lastKnownFileType = sourcecode.swift; path = Promise.swift; sourceTree = "<group>"; };
		A95BD339215D2FA9009B84FD /* Query.swift */ = {isa = PBXFileReference; fileEncoding = 4; lastKnownFileType = sourcecode.swift; path = Query.swift; sourceTree = "<group>"; };
		A95BD33D215D30DE009B84FD /* NetworkActivityIndicator.swift */ = {isa = PBXFileReference; fileEncoding = 4; lastKnownFileType = sourcecode.swift; path = NetworkActivityIndicator.swift; sourceTree = "<group>"; };
		A95BD345215D31DF009B84FD /* OFFSDKiOSApp.app */ = {isa = PBXFileReference; explicitFileType = wrapper.application; includeInIndex = 0; path = OFFSDKiOSApp.app; sourceTree = BUILT_PRODUCTS_DIR; };
		A95BD347215D31DF009B84FD /* AppDelegate.swift */ = {isa = PBXFileReference; lastKnownFileType = sourcecode.swift; path = AppDelegate.swift; sourceTree = "<group>"; };
		A95BD349215D31DF009B84FD /* ViewController.swift */ = {isa = PBXFileReference; lastKnownFileType = sourcecode.swift; path = ViewController.swift; sourceTree = "<group>"; };
		A95BD34C215D31DF009B84FD /* Base */ = {isa = PBXFileReference; lastKnownFileType = file.storyboard; name = Base; path = Base.lproj/Main.storyboard; sourceTree = "<group>"; };
		A95BD34E215D31E1009B84FD /* Assets.xcassets */ = {isa = PBXFileReference; lastKnownFileType = folder.assetcatalog; path = Assets.xcassets; sourceTree = "<group>"; };
		A95BD351215D31E1009B84FD /* Base */ = {isa = PBXFileReference; lastKnownFileType = file.storyboard; name = Base; path = Base.lproj/LaunchScreen.storyboard; sourceTree = "<group>"; };
		A95BD353215D31E1009B84FD /* Info.plist */ = {isa = PBXFileReference; lastKnownFileType = text.plist.xml; path = Info.plist; sourceTree = "<group>"; };
		A95BD358215D31E1009B84FD /* OFFSDKiOSAppTests.xctest */ = {isa = PBXFileReference; explicitFileType = wrapper.cfbundle; includeInIndex = 0; path = OFFSDKiOSAppTests.xctest; sourceTree = BUILT_PRODUCTS_DIR; };
		A95BD35C215D31E1009B84FD /* OFFSDKiOSAppTests.swift */ = {isa = PBXFileReference; lastKnownFileType = sourcecode.swift; path = OFFSDKiOSAppTests.swift; sourceTree = "<group>"; };
		A95BD35E215D31E1009B84FD /* Info.plist */ = {isa = PBXFileReference; lastKnownFileType = text.plist.xml; path = Info.plist; sourceTree = "<group>"; };
		A95BD367215D3345009B84FD /* NetworkService+Promise.swift */ = {isa = PBXFileReference; fileEncoding = 4; lastKnownFileType = sourcecode.swift; path = "NetworkService+Promise.swift"; sourceTree = "<group>"; };
		A95BD36B215D336A009B84FD /* NetworkService+REST.swift */ = {isa = PBXFileReference; fileEncoding = 4; lastKnownFileType = sourcecode.swift; path = "NetworkService+REST.swift"; sourceTree = "<group>"; };
/* End PBXFileReference section */

/* Begin PBXFrameworksBuildPhase section */
		A95BD2B0215D1CDB009B84FD /* Frameworks */ = {
			isa = PBXFrameworksBuildPhase;
			buildActionMask = 2147483647;
			files = (
			);
			runOnlyForDeploymentPostprocessing = 0;
		};
		A95BD2B8215D1CDB009B84FD /* Frameworks */ = {
			isa = PBXFrameworksBuildPhase;
			buildActionMask = 2147483647;
			files = (
				A95BD2BC215D1CDB009B84FD /* OFFSDKiOS.framework in Frameworks */,
			);
			runOnlyForDeploymentPostprocessing = 0;
		};
		A95BD2CC215D1D08009B84FD /* Frameworks */ = {
			isa = PBXFrameworksBuildPhase;
			buildActionMask = 2147483647;
			files = (
			);
			runOnlyForDeploymentPostprocessing = 0;
		};
		A95BD2D4215D1D08009B84FD /* Frameworks */ = {
			isa = PBXFrameworksBuildPhase;
			buildActionMask = 2147483647;
			files = (
				A95BD2D8215D1D08009B84FD /* OFFSDKmacOS.framework in Frameworks */,
			);
			runOnlyForDeploymentPostprocessing = 0;
		};
		A95BD2E8215D1D24009B84FD /* Frameworks */ = {
			isa = PBXFrameworksBuildPhase;
			buildActionMask = 2147483647;
			files = (
			);
			runOnlyForDeploymentPostprocessing = 0;
		};
		A95BD2F0215D1D25009B84FD /* Frameworks */ = {
			isa = PBXFrameworksBuildPhase;
			buildActionMask = 2147483647;
			files = (
				A95BD2F4215D1D25009B84FD /* OFFSDKtvOS.framework in Frameworks */,
			);
			runOnlyForDeploymentPostprocessing = 0;
		};
		A95BD342215D31DF009B84FD /* Frameworks */ = {
			isa = PBXFrameworksBuildPhase;
			buildActionMask = 2147483647;
			files = (
				A95BD366215D329C009B84FD /* OFFSDKiOS.framework in Frameworks */,
			);
			runOnlyForDeploymentPostprocessing = 0;
		};
		A95BD355215D31E1009B84FD /* Frameworks */ = {
			isa = PBXFrameworksBuildPhase;
			buildActionMask = 2147483647;
			files = (
			);
			runOnlyForDeploymentPostprocessing = 0;
		};
/* End PBXFrameworksBuildPhase section */

/* Begin PBXGroup section */
		A95BD28A215D1C80009B84FD = {
			isa = PBXGroup;
			children = (
				A95BD30A215D1E64009B84FD /* Sources */,
				A95BD2B4215D1CDB009B84FD /* OFFSDKiOS */,
				A95BD2BF215D1CDB009B84FD /* OFFSDKiOSTests */,
				A95BD2D0215D1D08009B84FD /* OFFSDKmacOS */,
				A95BD2DB215D1D08009B84FD /* OFFSDKmacOSTests */,
				A95BD2EC215D1D25009B84FD /* OFFSDKtvOS */,
				A95BD2F7215D1D25009B84FD /* OFFSDKtvOSTests */,
				A95BD346215D31DF009B84FD /* OFFSDKiOSApp */,
				A95BD35B215D31E1009B84FD /* OFFSDKiOSAppTests */,
				A95BD295215D1C80009B84FD /* Products */,
				A95BD365215D329C009B84FD /* Frameworks */,
			);
			sourceTree = "<group>";
		};
		A95BD295215D1C80009B84FD /* Products */ = {
			isa = PBXGroup;
			children = (
				A95BD2B3215D1CDB009B84FD /* OFFSDKiOS.framework */,
				A95BD2BB215D1CDB009B84FD /* OFFSDKiOSTests.xctest */,
				A95BD2CF215D1D08009B84FD /* OFFSDKmacOS.framework */,
				A95BD2D7215D1D08009B84FD /* OFFSDKmacOSTests.xctest */,
				A95BD2EB215D1D24009B84FD /* OFFSDKtvOS.framework */,
				A95BD2F3215D1D25009B84FD /* OFFSDKtvOSTests.xctest */,
				A95BD345215D31DF009B84FD /* OFFSDKiOSApp.app */,
				A95BD358215D31E1009B84FD /* OFFSDKiOSAppTests.xctest */,
			);
			name = Products;
			sourceTree = "<group>";
		};
		A95BD2B4215D1CDB009B84FD /* OFFSDKiOS */ = {
			isa = PBXGroup;
			children = (
				A95BD2B5215D1CDB009B84FD /* OFFSDKiOS.h */,
				A95BD2B6215D1CDB009B84FD /* Info.plist */,
			);
			path = OFFSDKiOS;
			sourceTree = "<group>";
		};
		A95BD2BF215D1CDB009B84FD /* OFFSDKiOSTests */ = {
			isa = PBXGroup;
			children = (
				A95BD2C0215D1CDB009B84FD /* OFFSDKiOSTests.swift */,
				A95BD2C2215D1CDB009B84FD /* Info.plist */,
			);
			path = OFFSDKiOSTests;
			sourceTree = "<group>";
		};
		A95BD2D0215D1D08009B84FD /* OFFSDKmacOS */ = {
			isa = PBXGroup;
			children = (
				A95BD2D1215D1D08009B84FD /* OFFSDKmacOS.h */,
				A95BD2D2215D1D08009B84FD /* Info.plist */,
			);
			path = OFFSDKmacOS;
			sourceTree = "<group>";
		};
		A95BD2DB215D1D08009B84FD /* OFFSDKmacOSTests */ = {
			isa = PBXGroup;
			children = (
				A95BD2DC215D1D08009B84FD /* OFFSDKmacOSTests.swift */,
				A95BD2DE215D1D08009B84FD /* Info.plist */,
			);
			path = OFFSDKmacOSTests;
			sourceTree = "<group>";
		};
		A95BD2EC215D1D25009B84FD /* OFFSDKtvOS */ = {
			isa = PBXGroup;
			children = (
				A95BD2ED215D1D25009B84FD /* OFFSDKtvOS.h */,
				A95BD2EE215D1D25009B84FD /* Info.plist */,
			);
			path = OFFSDKtvOS;
			sourceTree = "<group>";
		};
		A95BD2F7215D1D25009B84FD /* OFFSDKtvOSTests */ = {
			isa = PBXGroup;
			children = (
				A95BD2F8215D1D25009B84FD /* OFFSDKtvOSTests.swift */,
				A95BD2FA215D1D25009B84FD /* Info.plist */,
			);
			path = OFFSDKtvOSTests;
			sourceTree = "<group>";
		};
		A95BD30A215D1E64009B84FD /* Sources */ = {
			isa = PBXGroup;
			children = (
				A95BD314215D1F3F009B84FD /* Service */,
				A95BD30B215D1E86009B84FD /* HTTPStuff */,
			);
			path = Sources;
			sourceTree = "<group>";
		};
		A95BD30B215D1E86009B84FD /* HTTPStuff */ = {
			isa = PBXGroup;
			children = (
				A95BD303215D1E5D009B84FD /* HTTPStatusCodes.swift */,
				A95BD302215D1E5C009B84FD /* HTTPStatusCodes+Extensions.swift */,
				A95BD319215D1F85009B84FD /* HTTPMethod.swift */,
			);
			path = HTTPStuff;
			sourceTree = "<group>";
		};
		A95BD314215D1F3F009B84FD /* Service */ = {
			isa = PBXGroup;
			children = (
				A95BD335215D2294009B84FD /* Promise.swift */,
				A95BD325215D209F009B84FD /* Problem.swift */,
				A95BD331215D21A7009B84FD /* ApiError.swift */,
				A95BD329215D20BD009B84FD /* Codable+Tools.swift */,
				A95BD339215D2FA9009B84FD /* Query.swift */,
				A95BD32D215D2114009B84FD /* ErrorDataObject.swift */,
				A95BD321215D2096009B84FD /* MMJResult.swift */,
				A95BD33D215D30DE009B84FD /* NetworkActivityIndicator.swift */,
				A95BD310215D1F2A009B84FD /* SessionRequest.swift */,
				A95BD315215D1F5D009B84FD /* NetworkService.swift */,
				A95BD36B215D336A009B84FD /* NetworkService+REST.swift */,
				A95BD367215D3345009B84FD /* NetworkService+Promise.swift */,
			);
			path = Service;
			sourceTree = "<group>";
		};
		A95BD346215D31DF009B84FD /* OFFSDKiOSApp */ = {
			isa = PBXGroup;
			children = (
				A95BD347215D31DF009B84FD /* AppDelegate.swift */,
				A95BD349215D31DF009B84FD /* ViewController.swift */,
				A95BD34B215D31DF009B84FD /* Main.storyboard */,
				A95BD34E215D31E1009B84FD /* Assets.xcassets */,
				A95BD350215D31E1009B84FD /* LaunchScreen.storyboard */,
				A95BD353215D31E1009B84FD /* Info.plist */,
			);
			path = OFFSDKiOSApp;
			sourceTree = "<group>";
		};
		A95BD35B215D31E1009B84FD /* OFFSDKiOSAppTests */ = {
			isa = PBXGroup;
			children = (
				A95BD35C215D31E1009B84FD /* OFFSDKiOSAppTests.swift */,
				A95BD35E215D31E1009B84FD /* Info.plist */,
			);
			path = OFFSDKiOSAppTests;
			sourceTree = "<group>";
		};
		A95BD365215D329C009B84FD /* Frameworks */ = {
			isa = PBXGroup;
			children = (
			);
			name = Frameworks;
			sourceTree = "<group>";
		};
/* End PBXGroup section */

/* Begin PBXHeadersBuildPhase section */
		A95BD2AE215D1CDB009B84FD /* Headers */ = {
			isa = PBXHeadersBuildPhase;
			buildActionMask = 2147483647;
			files = (
				A95BD2C3215D1CDB009B84FD /* OFFSDKiOS.h in Headers */,
			);
			runOnlyForDeploymentPostprocessing = 0;
		};
		A95BD2CA215D1D08009B84FD /* Headers */ = {
			isa = PBXHeadersBuildPhase;
			buildActionMask = 2147483647;
			files = (
				A95BD2DF215D1D08009B84FD /* OFFSDKmacOS.h in Headers */,
			);
			runOnlyForDeploymentPostprocessing = 0;
		};
		A95BD2E6215D1D24009B84FD /* Headers */ = {
			isa = PBXHeadersBuildPhase;
			buildActionMask = 2147483647;
			files = (
				A95BD2FB215D1D25009B84FD /* OFFSDKtvOS.h in Headers */,
			);
			runOnlyForDeploymentPostprocessing = 0;
		};
/* End PBXHeadersBuildPhase section */

/* Begin PBXNativeTarget section */
		A95BD2B2215D1CDB009B84FD /* OFFSDKiOS */ = {
			isa = PBXNativeTarget;
			buildConfigurationList = A95BD2C4215D1CDB009B84FD /* Build configuration list for PBXNativeTarget "OFFSDKiOS" */;
			buildPhases = (
				A95BD2AE215D1CDB009B84FD /* Headers */,
				A95BD2AF215D1CDB009B84FD /* Sources */,
				A95BD2B0215D1CDB009B84FD /* Frameworks */,
				A95BD2B1215D1CDB009B84FD /* Resources */,
			);
			buildRules = (
			);
			dependencies = (
			);
			name = OFFSDKiOS;
			productName = OFFSDKiOS;
			productReference = A95BD2B3215D1CDB009B84FD /* OFFSDKiOS.framework */;
			productType = "com.apple.product-type.framework";
		};
		A95BD2BA215D1CDB009B84FD /* OFFSDKiOSTests */ = {
			isa = PBXNativeTarget;
			buildConfigurationList = A95BD2C7215D1CDB009B84FD /* Build configuration list for PBXNativeTarget "OFFSDKiOSTests" */;
			buildPhases = (
				A95BD2B7215D1CDB009B84FD /* Sources */,
				A95BD2B8215D1CDB009B84FD /* Frameworks */,
				A95BD2B9215D1CDB009B84FD /* Resources */,
			);
			buildRules = (
			);
			dependencies = (
				A95BD2BE215D1CDB009B84FD /* PBXTargetDependency */,
			);
			name = OFFSDKiOSTests;
			productName = OFFSDKiOSTests;
			productReference = A95BD2BB215D1CDB009B84FD /* OFFSDKiOSTests.xctest */;
			productType = "com.apple.product-type.bundle.unit-test";
		};
		A95BD2CE215D1D08009B84FD /* OFFSDKmacOS */ = {
			isa = PBXNativeTarget;
			buildConfigurationList = A95BD2E0215D1D08009B84FD /* Build configuration list for PBXNativeTarget "OFFSDKmacOS" */;
			buildPhases = (
				A95BD2CA215D1D08009B84FD /* Headers */,
				A95BD2CB215D1D08009B84FD /* Sources */,
				A95BD2CC215D1D08009B84FD /* Frameworks */,
				A95BD2CD215D1D08009B84FD /* Resources */,
			);
			buildRules = (
			);
			dependencies = (
			);
			name = OFFSDKmacOS;
			productName = OFFSDKmacOS;
			productReference = A95BD2CF215D1D08009B84FD /* OFFSDKmacOS.framework */;
			productType = "com.apple.product-type.framework";
		};
		A95BD2D6215D1D08009B84FD /* OFFSDKmacOSTests */ = {
			isa = PBXNativeTarget;
			buildConfigurationList = A95BD2E3215D1D08009B84FD /* Build configuration list for PBXNativeTarget "OFFSDKmacOSTests" */;
			buildPhases = (
				A95BD2D3215D1D08009B84FD /* Sources */,
				A95BD2D4215D1D08009B84FD /* Frameworks */,
				A95BD2D5215D1D08009B84FD /* Resources */,
			);
			buildRules = (
			);
			dependencies = (
				A95BD2DA215D1D08009B84FD /* PBXTargetDependency */,
			);
			name = OFFSDKmacOSTests;
			productName = OFFSDKmacOSTests;
			productReference = A95BD2D7215D1D08009B84FD /* OFFSDKmacOSTests.xctest */;
			productType = "com.apple.product-type.bundle.unit-test";
		};
		A95BD2EA215D1D24009B84FD /* OFFSDKtvOS */ = {
			isa = PBXNativeTarget;
			buildConfigurationList = A95BD2FC215D1D25009B84FD /* Build configuration list for PBXNativeTarget "OFFSDKtvOS" */;
			buildPhases = (
				A95BD2E6215D1D24009B84FD /* Headers */,
				A95BD2E7215D1D24009B84FD /* Sources */,
				A95BD2E8215D1D24009B84FD /* Frameworks */,
				A95BD2E9215D1D24009B84FD /* Resources */,
			);
			buildRules = (
			);
			dependencies = (
			);
			name = OFFSDKtvOS;
			productName = OFFSDKtvOS;
			productReference = A95BD2EB215D1D24009B84FD /* OFFSDKtvOS.framework */;
			productType = "com.apple.product-type.framework";
		};
		A95BD2F2215D1D25009B84FD /* OFFSDKtvOSTests */ = {
			isa = PBXNativeTarget;
			buildConfigurationList = A95BD2FF215D1D25009B84FD /* Build configuration list for PBXNativeTarget "OFFSDKtvOSTests" */;
			buildPhases = (
				A95BD2EF215D1D25009B84FD /* Sources */,
				A95BD2F0215D1D25009B84FD /* Frameworks */,
				A95BD2F1215D1D25009B84FD /* Resources */,
			);
			buildRules = (
			);
			dependencies = (
				A95BD2F6215D1D25009B84FD /* PBXTargetDependency */,
			);
			name = OFFSDKtvOSTests;
			productName = OFFSDKtvOSTests;
			productReference = A95BD2F3215D1D25009B84FD /* OFFSDKtvOSTests.xctest */;
			productType = "com.apple.product-type.bundle.unit-test";
		};
		A95BD344215D31DF009B84FD /* OFFSDKiOSApp */ = {
			isa = PBXNativeTarget;
			buildConfigurationList = A95BD35F215D31E1009B84FD /* Build configuration list for PBXNativeTarget "OFFSDKiOSApp" */;
			buildPhases = (
				A95BD341215D31DF009B84FD /* Sources */,
				A95BD342215D31DF009B84FD /* Frameworks */,
				A95BD343215D31DF009B84FD /* Resources */,
			);
			buildRules = (
			);
			dependencies = (
			);
			name = OFFSDKiOSApp;
			productName = OFFSDKiOSApp;
			productReference = A95BD345215D31DF009B84FD /* OFFSDKiOSApp.app */;
			productType = "com.apple.product-type.application";
		};
		A95BD357215D31E1009B84FD /* OFFSDKiOSAppTests */ = {
			isa = PBXNativeTarget;
			buildConfigurationList = A95BD362215D31E1009B84FD /* Build configuration list for PBXNativeTarget "OFFSDKiOSAppTests" */;
			buildPhases = (
				A95BD354215D31E1009B84FD /* Sources */,
				A95BD355215D31E1009B84FD /* Frameworks */,
				A95BD356215D31E1009B84FD /* Resources */,
			);
			buildRules = (
			);
			dependencies = (
				A95BD35A215D31E1009B84FD /* PBXTargetDependency */,
			);
			name = OFFSDKiOSAppTests;
			productName = OFFSDKiOSAppTests;
			productReference = A95BD358215D31E1009B84FD /* OFFSDKiOSAppTests.xctest */;
			productType = "com.apple.product-type.bundle.unit-test";
		};
/* End PBXNativeTarget section */

/* Begin PBXProject section */
		A95BD28B215D1C80009B84FD /* Project object */ = {
			isa = PBXProject;
			attributes = {
				LastSwiftUpdateCheck = 1000;
				LastUpgradeCheck = 1000;
				ORGANIZATIONNAME = "Mihaela Mihaljevic Jakic";
				TargetAttributes = {
					A95BD2B2215D1CDB009B84FD = {
						CreatedOnToolsVersion = 10.0;
						LastSwiftMigration = 1000;
					};
					A95BD2BA215D1CDB009B84FD = {
						CreatedOnToolsVersion = 10.0;
					};
					A95BD2CE215D1D08009B84FD = {
						CreatedOnToolsVersion = 10.0;
						LastSwiftMigration = 1000;
					};
					A95BD2D6215D1D08009B84FD = {
						CreatedOnToolsVersion = 10.0;
					};
					A95BD2EA215D1D24009B84FD = {
						CreatedOnToolsVersion = 10.0;
						LastSwiftMigration = 1000;
					};
					A95BD2F2215D1D25009B84FD = {
						CreatedOnToolsVersion = 10.0;
					};
					A95BD344215D31DF009B84FD = {
						CreatedOnToolsVersion = 10.0;
					};
					A95BD357215D31E1009B84FD = {
						CreatedOnToolsVersion = 10.0;
						TestTargetID = A95BD344215D31DF009B84FD;
					};
				};
			};
			buildConfigurationList = A95BD28E215D1C80009B84FD /* Build configuration list for PBXProject "OFFSDK" */;
			compatibilityVersion = "Xcode 9.3";
			developmentRegion = en;
			hasScannedForEncodings = 0;
			knownRegions = (
				en,
				Base,
			);
			mainGroup = A95BD28A215D1C80009B84FD;
			productRefGroup = A95BD295215D1C80009B84FD /* Products */;
			projectDirPath = "";
			projectRoot = "";
			targets = (
				A95BD2B2215D1CDB009B84FD /* OFFSDKiOS */,
				A95BD2BA215D1CDB009B84FD /* OFFSDKiOSTests */,
				A95BD2CE215D1D08009B84FD /* OFFSDKmacOS */,
				A95BD2D6215D1D08009B84FD /* OFFSDKmacOSTests */,
				A95BD2EA215D1D24009B84FD /* OFFSDKtvOS */,
				A95BD2F2215D1D25009B84FD /* OFFSDKtvOSTests */,
				A95BD344215D31DF009B84FD /* OFFSDKiOSApp */,
				A95BD357215D31E1009B84FD /* OFFSDKiOSAppTests */,
			);
		};
/* End PBXProject section */

/* Begin PBXResourcesBuildPhase section */
		A95BD2B1215D1CDB009B84FD /* Resources */ = {
			isa = PBXResourcesBuildPhase;
			buildActionMask = 2147483647;
			files = (
			);
			runOnlyForDeploymentPostprocessing = 0;
		};
		A95BD2B9215D1CDB009B84FD /* Resources */ = {
			isa = PBXResourcesBuildPhase;
			buildActionMask = 2147483647;
			files = (
			);
			runOnlyForDeploymentPostprocessing = 0;
		};
		A95BD2CD215D1D08009B84FD /* Resources */ = {
			isa = PBXResourcesBuildPhase;
			buildActionMask = 2147483647;
			files = (
			);
			runOnlyForDeploymentPostprocessing = 0;
		};
		A95BD2D5215D1D08009B84FD /* Resources */ = {
			isa = PBXResourcesBuildPhase;
			buildActionMask = 2147483647;
			files = (
			);
			runOnlyForDeploymentPostprocessing = 0;
		};
		A95BD2E9215D1D24009B84FD /* Resources */ = {
			isa = PBXResourcesBuildPhase;
			buildActionMask = 2147483647;
			files = (
			);
			runOnlyForDeploymentPostprocessing = 0;
		};
		A95BD2F1215D1D25009B84FD /* Resources */ = {
			isa = PBXResourcesBuildPhase;
			buildActionMask = 2147483647;
			files = (
			);
			runOnlyForDeploymentPostprocessing = 0;
		};
		A95BD343215D31DF009B84FD /* Resources */ = {
			isa = PBXResourcesBuildPhase;
			buildActionMask = 2147483647;
			files = (
				A95BD352215D31E1009B84FD /* LaunchScreen.storyboard in Resources */,
				A95BD34F215D31E1009B84FD /* Assets.xcassets in Resources */,
				A95BD34D215D31DF009B84FD /* Main.storyboard in Resources */,
			);
			runOnlyForDeploymentPostprocessing = 0;
		};
		A95BD356215D31E1009B84FD /* Resources */ = {
			isa = PBXResourcesBuildPhase;
			buildActionMask = 2147483647;
			files = (
			);
			runOnlyForDeploymentPostprocessing = 0;
		};
/* End PBXResourcesBuildPhase section */

/* Begin PBXSourcesBuildPhase section */
		A95BD2AF215D1CDB009B84FD /* Sources */ = {
			isa = PBXSourcesBuildPhase;
			buildActionMask = 2147483647;
			files = (
				A95BD33E215D30DE009B84FD /* NetworkActivityIndicator.swift in Sources */,
				A95BD32E215D2114009B84FD /* ErrorDataObject.swift in Sources */,
				A95BD368215D3345009B84FD /* NetworkService+Promise.swift in Sources */,
				A95BD326215D209F009B84FD /* Problem.swift in Sources */,
				A95BD311215D1F2A009B84FD /* SessionRequest.swift in Sources */,
				A95BD332215D21A7009B84FD /* ApiError.swift in Sources */,
				A95BD33A215D2FA9009B84FD /* Query.swift in Sources */,
				A95BD307215D1E5D009B84FD /* HTTPStatusCodes.swift in Sources */,
				A95BD316215D1F5D009B84FD /* NetworkService.swift in Sources */,
				A95BD36C215D336A009B84FD /* NetworkService+REST.swift in Sources */,
				A95BD32A215D20BD009B84FD /* Codable+Tools.swift in Sources */,
				A95BD31A215D1F85009B84FD /* HTTPMethod.swift in Sources */,
				A95BD336215D2294009B84FD /* Promise.swift in Sources */,
				A95BD304215D1E5D009B84FD /* HTTPStatusCodes+Extensions.swift in Sources */,
				A95BD322215D2096009B84FD /* MMJResult.swift in Sources */,
			);
			runOnlyForDeploymentPostprocessing = 0;
		};
		A95BD2B7215D1CDB009B84FD /* Sources */ = {
			isa = PBXSourcesBuildPhase;
			buildActionMask = 2147483647;
			files = (
				A95BD2C1215D1CDB009B84FD /* OFFSDKiOSTests.swift in Sources */,
			);
			runOnlyForDeploymentPostprocessing = 0;
		};
		A95BD2CB215D1D08009B84FD /* Sources */ = {
			isa = PBXSourcesBuildPhase;
			buildActionMask = 2147483647;
			files = (
				A95BD33F215D30DE009B84FD /* NetworkActivityIndicator.swift in Sources */,
				A95BD32F215D2114009B84FD /* ErrorDataObject.swift in Sources */,
				A95BD369215D3345009B84FD /* NetworkService+Promise.swift in Sources */,
				A95BD327215D209F009B84FD /* Problem.swift in Sources */,
				A95BD312215D1F2A009B84FD /* SessionRequest.swift in Sources */,
				A95BD333215D21A7009B84FD /* ApiError.swift in Sources */,
				A95BD33B215D2FA9009B84FD /* Query.swift in Sources */,
				A95BD308215D1E5D009B84FD /* HTTPStatusCodes.swift in Sources */,
				A95BD317215D1F5D009B84FD /* NetworkService.swift in Sources */,
				A95BD36D215D336A009B84FD /* NetworkService+REST.swift in Sources */,
				A95BD32B215D20BD009B84FD /* Codable+Tools.swift in Sources */,
				A95BD31B215D1F85009B84FD /* HTTPMethod.swift in Sources */,
				A95BD337215D2294009B84FD /* Promise.swift in Sources */,
				A95BD305215D1E5D009B84FD /* HTTPStatusCodes+Extensions.swift in Sources */,
				A95BD323215D2096009B84FD /* MMJResult.swift in Sources */,
			);
			runOnlyForDeploymentPostprocessing = 0;
		};
		A95BD2D3215D1D08009B84FD /* Sources */ = {
			isa = PBXSourcesBuildPhase;
			buildActionMask = 2147483647;
			files = (
				A95BD2DD215D1D08009B84FD /* OFFSDKmacOSTests.swift in Sources */,
			);
			runOnlyForDeploymentPostprocessing = 0;
		};
		A95BD2E7215D1D24009B84FD /* Sources */ = {
			isa = PBXSourcesBuildPhase;
			buildActionMask = 2147483647;
			files = (
				A95BD340215D30DE009B84FD /* NetworkActivityIndicator.swift in Sources */,
				A95BD330215D2114009B84FD /* ErrorDataObject.swift in Sources */,
				A95BD36A215D3345009B84FD /* NetworkService+Promise.swift in Sources */,
				A95BD328215D209F009B84FD /* Problem.swift in Sources */,
				A95BD313215D1F2A009B84FD /* SessionRequest.swift in Sources */,
				A95BD334215D21A7009B84FD /* ApiError.swift in Sources */,
				A95BD33C215D2FA9009B84FD /* Query.swift in Sources */,
				A95BD309215D1E5D009B84FD /* HTTPStatusCodes.swift in Sources */,
				A95BD318215D1F5D009B84FD /* NetworkService.swift in Sources */,
				A95BD36E215D336A009B84FD /* NetworkService+REST.swift in Sources */,
				A95BD32C215D20BD009B84FD /* Codable+Tools.swift in Sources */,
				A95BD31C215D1F85009B84FD /* HTTPMethod.swift in Sources */,
				A95BD338215D2294009B84FD /* Promise.swift in Sources */,
				A95BD306215D1E5D009B84FD /* HTTPStatusCodes+Extensions.swift in Sources */,
				A95BD324215D2096009B84FD /* MMJResult.swift in Sources */,
			);
			runOnlyForDeploymentPostprocessing = 0;
		};
		A95BD2EF215D1D25009B84FD /* Sources */ = {
			isa = PBXSourcesBuildPhase;
			buildActionMask = 2147483647;
			files = (
				A95BD2F9215D1D25009B84FD /* OFFSDKtvOSTests.swift in Sources */,
			);
			runOnlyForDeploymentPostprocessing = 0;
		};
		A95BD341215D31DF009B84FD /* Sources */ = {
			isa = PBXSourcesBuildPhase;
			buildActionMask = 2147483647;
			files = (
				A95BD34A215D31DF009B84FD /* ViewController.swift in Sources */,
				A95BD348215D31DF009B84FD /* AppDelegate.swift in Sources */,
			);
			runOnlyForDeploymentPostprocessing = 0;
		};
		A95BD354215D31E1009B84FD /* Sources */ = {
			isa = PBXSourcesBuildPhase;
			buildActionMask = 2147483647;
			files = (
				A95BD35D215D31E1009B84FD /* OFFSDKiOSAppTests.swift in Sources */,
			);
			runOnlyForDeploymentPostprocessing = 0;
		};
/* End PBXSourcesBuildPhase section */

/* Begin PBXTargetDependency section */
		A95BD2BE215D1CDB009B84FD /* PBXTargetDependency */ = {
			isa = PBXTargetDependency;
			target = A95BD2B2215D1CDB009B84FD /* OFFSDKiOS */;
			targetProxy = A95BD2BD215D1CDB009B84FD /* PBXContainerItemProxy */;
		};
		A95BD2DA215D1D08009B84FD /* PBXTargetDependency */ = {
			isa = PBXTargetDependency;
			target = A95BD2CE215D1D08009B84FD /* OFFSDKmacOS */;
			targetProxy = A95BD2D9215D1D08009B84FD /* PBXContainerItemProxy */;
		};
		A95BD2F6215D1D25009B84FD /* PBXTargetDependency */ = {
			isa = PBXTargetDependency;
			target = A95BD2EA215D1D24009B84FD /* OFFSDKtvOS */;
			targetProxy = A95BD2F5215D1D25009B84FD /* PBXContainerItemProxy */;
		};
		A95BD35A215D31E1009B84FD /* PBXTargetDependency */ = {
			isa = PBXTargetDependency;
			target = A95BD344215D31DF009B84FD /* OFFSDKiOSApp */;
			targetProxy = A95BD359215D31E1009B84FD /* PBXContainerItemProxy */;
		};
/* End PBXTargetDependency section */

/* Begin PBXVariantGroup section */
		A95BD34B215D31DF009B84FD /* Main.storyboard */ = {
			isa = PBXVariantGroup;
			children = (
				A95BD34C215D31DF009B84FD /* Base */,
			);
			name = Main.storyboard;
			sourceTree = "<group>";
		};
		A95BD350215D31E1009B84FD /* LaunchScreen.storyboard */ = {
			isa = PBXVariantGroup;
			children = (
				A95BD351215D31E1009B84FD /* Base */,
			);
			name = LaunchScreen.storyboard;
			sourceTree = "<group>";
		};
/* End PBXVariantGroup section */

/* Begin XCBuildConfiguration section */
		A95BD2A6215D1C81009B84FD /* Debug */ = {
			isa = XCBuildConfiguration;
			buildSettings = {
				ALWAYS_SEARCH_USER_PATHS = NO;
				CLANG_ANALYZER_NONNULL = YES;
				CLANG_ANALYZER_NUMBER_OBJECT_CONVERSION = YES_AGGRESSIVE;
				CLANG_CXX_LANGUAGE_STANDARD = "gnu++14";
				CLANG_CXX_LIBRARY = "libc++";
				CLANG_ENABLE_MODULES = YES;
				CLANG_ENABLE_OBJC_ARC = YES;
				CLANG_ENABLE_OBJC_WEAK = YES;
				CLANG_WARN_BLOCK_CAPTURE_AUTORELEASING = YES;
				CLANG_WARN_BOOL_CONVERSION = YES;
				CLANG_WARN_COMMA = YES;
				CLANG_WARN_CONSTANT_CONVERSION = YES;
				CLANG_WARN_DEPRECATED_OBJC_IMPLEMENTATIONS = YES;
				CLANG_WARN_DIRECT_OBJC_ISA_USAGE = YES_ERROR;
				CLANG_WARN_DOCUMENTATION_COMMENTS = YES;
				CLANG_WARN_EMPTY_BODY = YES;
				CLANG_WARN_ENUM_CONVERSION = YES;
				CLANG_WARN_INFINITE_RECURSION = YES;
				CLANG_WARN_INT_CONVERSION = YES;
				CLANG_WARN_NON_LITERAL_NULL_CONVERSION = YES;
				CLANG_WARN_OBJC_IMPLICIT_RETAIN_SELF = YES;
				CLANG_WARN_OBJC_LITERAL_CONVERSION = YES;
				CLANG_WARN_OBJC_ROOT_CLASS = YES_ERROR;
				CLANG_WARN_RANGE_LOOP_ANALYSIS = YES;
				CLANG_WARN_STRICT_PROTOTYPES = YES;
				CLANG_WARN_SUSPICIOUS_MOVE = YES;
				CLANG_WARN_UNGUARDED_AVAILABILITY = YES_AGGRESSIVE;
				CLANG_WARN_UNREACHABLE_CODE = YES;
				CLANG_WARN__DUPLICATE_METHOD_MATCH = YES;
				CODE_SIGN_IDENTITY = "iPhone Developer";
				COPY_PHASE_STRIP = NO;
				CURRENT_PROJECT_VERSION = 1;
				DEBUG_INFORMATION_FORMAT = dwarf;
				ENABLE_STRICT_OBJC_MSGSEND = YES;
				ENABLE_TESTABILITY = YES;
				GCC_C_LANGUAGE_STANDARD = gnu11;
				GCC_DYNAMIC_NO_PIC = NO;
				GCC_NO_COMMON_BLOCKS = YES;
				GCC_OPTIMIZATION_LEVEL = 0;
				GCC_PREPROCESSOR_DEFINITIONS = (
					"DEBUG=1",
					"$(inherited)",
				);
				GCC_WARN_64_TO_32_BIT_CONVERSION = YES;
				GCC_WARN_ABOUT_RETURN_TYPE = YES_ERROR;
				GCC_WARN_UNDECLARED_SELECTOR = YES;
				GCC_WARN_UNINITIALIZED_AUTOS = YES_AGGRESSIVE;
				GCC_WARN_UNUSED_FUNCTION = YES;
				GCC_WARN_UNUSED_VARIABLE = YES;
				IPHONEOS_DEPLOYMENT_TARGET = 12.0;
				MTL_ENABLE_DEBUG_INFO = INCLUDE_SOURCE;
				MTL_FAST_MATH = YES;
				ONLY_ACTIVE_ARCH = YES;
				SDKROOT = iphoneos;
				SWIFT_ACTIVE_COMPILATION_CONDITIONS = DEBUG;
				SWIFT_OPTIMIZATION_LEVEL = "-Onone";
				VERSIONING_SYSTEM = "apple-generic";
				VERSION_INFO_PREFIX = "";
			};
			name = Debug;
		};
		A95BD2A7215D1C81009B84FD /* Release */ = {
			isa = XCBuildConfiguration;
			buildSettings = {
				ALWAYS_SEARCH_USER_PATHS = NO;
				CLANG_ANALYZER_NONNULL = YES;
				CLANG_ANALYZER_NUMBER_OBJECT_CONVERSION = YES_AGGRESSIVE;
				CLANG_CXX_LANGUAGE_STANDARD = "gnu++14";
				CLANG_CXX_LIBRARY = "libc++";
				CLANG_ENABLE_MODULES = YES;
				CLANG_ENABLE_OBJC_ARC = YES;
				CLANG_ENABLE_OBJC_WEAK = YES;
				CLANG_WARN_BLOCK_CAPTURE_AUTORELEASING = YES;
				CLANG_WARN_BOOL_CONVERSION = YES;
				CLANG_WARN_COMMA = YES;
				CLANG_WARN_CONSTANT_CONVERSION = YES;
				CLANG_WARN_DEPRECATED_OBJC_IMPLEMENTATIONS = YES;
				CLANG_WARN_DIRECT_OBJC_ISA_USAGE = YES_ERROR;
				CLANG_WARN_DOCUMENTATION_COMMENTS = YES;
				CLANG_WARN_EMPTY_BODY = YES;
				CLANG_WARN_ENUM_CONVERSION = YES;
				CLANG_WARN_INFINITE_RECURSION = YES;
				CLANG_WARN_INT_CONVERSION = YES;
				CLANG_WARN_NON_LITERAL_NULL_CONVERSION = YES;
				CLANG_WARN_OBJC_IMPLICIT_RETAIN_SELF = YES;
				CLANG_WARN_OBJC_LITERAL_CONVERSION = YES;
				CLANG_WARN_OBJC_ROOT_CLASS = YES_ERROR;
				CLANG_WARN_RANGE_LOOP_ANALYSIS = YES;
				CLANG_WARN_STRICT_PROTOTYPES = YES;
				CLANG_WARN_SUSPICIOUS_MOVE = YES;
				CLANG_WARN_UNGUARDED_AVAILABILITY = YES_AGGRESSIVE;
				CLANG_WARN_UNREACHABLE_CODE = YES;
				CLANG_WARN__DUPLICATE_METHOD_MATCH = YES;
				CODE_SIGN_IDENTITY = "iPhone Developer";
				COPY_PHASE_STRIP = NO;
				CURRENT_PROJECT_VERSION = 1;
				DEBUG_INFORMATION_FORMAT = "dwarf-with-dsym";
				ENABLE_NS_ASSERTIONS = NO;
				ENABLE_STRICT_OBJC_MSGSEND = YES;
				GCC_C_LANGUAGE_STANDARD = gnu11;
				GCC_NO_COMMON_BLOCKS = YES;
				GCC_WARN_64_TO_32_BIT_CONVERSION = YES;
				GCC_WARN_ABOUT_RETURN_TYPE = YES_ERROR;
				GCC_WARN_UNDECLARED_SELECTOR = YES;
				GCC_WARN_UNINITIALIZED_AUTOS = YES_AGGRESSIVE;
				GCC_WARN_UNUSED_FUNCTION = YES;
				GCC_WARN_UNUSED_VARIABLE = YES;
				IPHONEOS_DEPLOYMENT_TARGET = 12.0;
				MTL_ENABLE_DEBUG_INFO = NO;
				MTL_FAST_MATH = YES;
				SDKROOT = iphoneos;
				SWIFT_COMPILATION_MODE = wholemodule;
				SWIFT_OPTIMIZATION_LEVEL = "-O";
				VALIDATE_PRODUCT = YES;
				VERSIONING_SYSTEM = "apple-generic";
				VERSION_INFO_PREFIX = "";
			};
			name = Release;
		};
		A95BD2C5215D1CDB009B84FD /* Debug */ = {
			isa = XCBuildConfiguration;
			buildSettings = {
				CLANG_ENABLE_MODULES = YES;
				CODE_SIGN_IDENTITY = "";
				CODE_SIGN_STYLE = Automatic;
				DEFINES_MODULE = YES;
				DEVELOPMENT_TEAM = XBE2EP7T4F;
				DYLIB_COMPATIBILITY_VERSION = 1;
				DYLIB_CURRENT_VERSION = 1;
				DYLIB_INSTALL_NAME_BASE = "@rpath";
				INFOPLIST_FILE = OFFSDKiOS/Info.plist;
				INSTALL_PATH = "$(LOCAL_LIBRARY_DIR)/Frameworks";
				LD_RUNPATH_SEARCH_PATHS = (
					"$(inherited)",
					"@executable_path/Frameworks",
					"@loader_path/Frameworks",
				);
				PRODUCT_BUNDLE_IDENTIFIER = com.aleahim.OFFSDKiOS;
				PRODUCT_NAME = "$(TARGET_NAME:c99extidentifier)";
				SKIP_INSTALL = YES;
				SWIFT_OPTIMIZATION_LEVEL = "-Onone";
				SWIFT_VERSION = 4.2;
				TARGETED_DEVICE_FAMILY = "1,2";
			};
			name = Debug;
		};
		A95BD2C6215D1CDB009B84FD /* Release */ = {
			isa = XCBuildConfiguration;
			buildSettings = {
				CLANG_ENABLE_MODULES = YES;
				CODE_SIGN_IDENTITY = "";
				CODE_SIGN_STYLE = Automatic;
				DEFINES_MODULE = YES;
				DEVELOPMENT_TEAM = XBE2EP7T4F;
				DYLIB_COMPATIBILITY_VERSION = 1;
				DYLIB_CURRENT_VERSION = 1;
				DYLIB_INSTALL_NAME_BASE = "@rpath";
				INFOPLIST_FILE = OFFSDKiOS/Info.plist;
				INSTALL_PATH = "$(LOCAL_LIBRARY_DIR)/Frameworks";
				LD_RUNPATH_SEARCH_PATHS = (
					"$(inherited)",
					"@executable_path/Frameworks",
					"@loader_path/Frameworks",
				);
				PRODUCT_BUNDLE_IDENTIFIER = com.aleahim.OFFSDKiOS;
				PRODUCT_NAME = "$(TARGET_NAME:c99extidentifier)";
				SKIP_INSTALL = YES;
				SWIFT_VERSION = 4.2;
				TARGETED_DEVICE_FAMILY = "1,2";
			};
			name = Release;
		};
		A95BD2C8215D1CDB009B84FD /* Debug */ = {
			isa = XCBuildConfiguration;
			buildSettings = {
				ALWAYS_EMBED_SWIFT_STANDARD_LIBRARIES = YES;
				CODE_SIGN_STYLE = Automatic;
				DEVELOPMENT_TEAM = XBE2EP7T4F;
				INFOPLIST_FILE = OFFSDKiOSTests/Info.plist;
				LD_RUNPATH_SEARCH_PATHS = (
					"$(inherited)",
					"@executable_path/Frameworks",
					"@loader_path/Frameworks",
				);
				PRODUCT_BUNDLE_IDENTIFIER = com.aleahim.OFFSDKiOSTests;
				PRODUCT_NAME = "$(TARGET_NAME)";
				SWIFT_VERSION = 4.2;
				TARGETED_DEVICE_FAMILY = "1,2";
			};
			name = Debug;
		};
		A95BD2C9215D1CDB009B84FD /* Release */ = {
			isa = XCBuildConfiguration;
			buildSettings = {
				ALWAYS_EMBED_SWIFT_STANDARD_LIBRARIES = YES;
				CODE_SIGN_STYLE = Automatic;
				DEVELOPMENT_TEAM = XBE2EP7T4F;
				INFOPLIST_FILE = OFFSDKiOSTests/Info.plist;
				LD_RUNPATH_SEARCH_PATHS = (
					"$(inherited)",
					"@executable_path/Frameworks",
					"@loader_path/Frameworks",
				);
				PRODUCT_BUNDLE_IDENTIFIER = com.aleahim.OFFSDKiOSTests;
				PRODUCT_NAME = "$(TARGET_NAME)";
				SWIFT_VERSION = 4.2;
				TARGETED_DEVICE_FAMILY = "1,2";
			};
			name = Release;
		};
		A95BD2E1215D1D08009B84FD /* Debug */ = {
			isa = XCBuildConfiguration;
			buildSettings = {
				CLANG_ENABLE_MODULES = YES;
				CODE_SIGN_IDENTITY = "Mac Developer";
				CODE_SIGN_STYLE = Automatic;
				COMBINE_HIDPI_IMAGES = YES;
				DEFINES_MODULE = YES;
				DEVELOPMENT_TEAM = XBE2EP7T4F;
				DYLIB_COMPATIBILITY_VERSION = 1;
				DYLIB_CURRENT_VERSION = 1;
				DYLIB_INSTALL_NAME_BASE = "@rpath";
				FRAMEWORK_VERSION = A;
				INFOPLIST_FILE = OFFSDKmacOS/Info.plist;
				INSTALL_PATH = "$(LOCAL_LIBRARY_DIR)/Frameworks";
				LD_RUNPATH_SEARCH_PATHS = (
					"$(inherited)",
					"@executable_path/../Frameworks",
					"@loader_path/Frameworks",
				);
				MACOSX_DEPLOYMENT_TARGET = 10.14;
				PRODUCT_BUNDLE_IDENTIFIER = com.aleahim.OFFSDKmacOS;
				PRODUCT_NAME = "$(TARGET_NAME:c99extidentifier)";
				SDKROOT = macosx;
				SKIP_INSTALL = YES;
				SWIFT_OPTIMIZATION_LEVEL = "-Onone";
				SWIFT_VERSION = 4.2;
			};
			name = Debug;
		};
		A95BD2E2215D1D08009B84FD /* Release */ = {
			isa = XCBuildConfiguration;
			buildSettings = {
				CLANG_ENABLE_MODULES = YES;
				CODE_SIGN_IDENTITY = "Mac Developer";
				CODE_SIGN_STYLE = Automatic;
				COMBINE_HIDPI_IMAGES = YES;
				DEFINES_MODULE = YES;
				DEVELOPMENT_TEAM = XBE2EP7T4F;
				DYLIB_COMPATIBILITY_VERSION = 1;
				DYLIB_CURRENT_VERSION = 1;
				DYLIB_INSTALL_NAME_BASE = "@rpath";
				FRAMEWORK_VERSION = A;
				INFOPLIST_FILE = OFFSDKmacOS/Info.plist;
				INSTALL_PATH = "$(LOCAL_LIBRARY_DIR)/Frameworks";
				LD_RUNPATH_SEARCH_PATHS = (
					"$(inherited)",
					"@executable_path/../Frameworks",
					"@loader_path/Frameworks",
				);
				MACOSX_DEPLOYMENT_TARGET = 10.14;
				PRODUCT_BUNDLE_IDENTIFIER = com.aleahim.OFFSDKmacOS;
				PRODUCT_NAME = "$(TARGET_NAME:c99extidentifier)";
				SDKROOT = macosx;
				SKIP_INSTALL = YES;
				SWIFT_VERSION = 4.2;
			};
			name = Release;
		};
		A95BD2E4215D1D08009B84FD /* Debug */ = {
			isa = XCBuildConfiguration;
			buildSettings = {
				ALWAYS_EMBED_SWIFT_STANDARD_LIBRARIES = YES;
				CODE_SIGN_IDENTITY = "Mac Developer";
				CODE_SIGN_STYLE = Automatic;
				COMBINE_HIDPI_IMAGES = YES;
				DEVELOPMENT_TEAM = XBE2EP7T4F;
				INFOPLIST_FILE = OFFSDKmacOSTests/Info.plist;
				LD_RUNPATH_SEARCH_PATHS = (
					"$(inherited)",
					"@executable_path/../Frameworks",
					"@loader_path/../Frameworks",
				);
				MACOSX_DEPLOYMENT_TARGET = 10.14;
				PRODUCT_BUNDLE_IDENTIFIER = com.aleahim.OFFSDKmacOSTests;
				PRODUCT_NAME = "$(TARGET_NAME)";
				SDKROOT = macosx;
				SWIFT_VERSION = 4.2;
			};
			name = Debug;
		};
		A95BD2E5215D1D08009B84FD /* Release */ = {
			isa = XCBuildConfiguration;
			buildSettings = {
				ALWAYS_EMBED_SWIFT_STANDARD_LIBRARIES = YES;
				CODE_SIGN_IDENTITY = "Mac Developer";
				CODE_SIGN_STYLE = Automatic;
				COMBINE_HIDPI_IMAGES = YES;
				DEVELOPMENT_TEAM = XBE2EP7T4F;
				INFOPLIST_FILE = OFFSDKmacOSTests/Info.plist;
				LD_RUNPATH_SEARCH_PATHS = (
					"$(inherited)",
					"@executable_path/../Frameworks",
					"@loader_path/../Frameworks",
				);
				MACOSX_DEPLOYMENT_TARGET = 10.14;
				PRODUCT_BUNDLE_IDENTIFIER = com.aleahim.OFFSDKmacOSTests;
				PRODUCT_NAME = "$(TARGET_NAME)";
				SDKROOT = macosx;
				SWIFT_VERSION = 4.2;
			};
			name = Release;
		};
		A95BD2FD215D1D25009B84FD /* Debug */ = {
			isa = XCBuildConfiguration;
			buildSettings = {
				CLANG_ENABLE_MODULES = YES;
				CODE_SIGN_IDENTITY = "";
				CODE_SIGN_STYLE = Automatic;
				DEFINES_MODULE = YES;
				DEVELOPMENT_TEAM = XBE2EP7T4F;
				DYLIB_COMPATIBILITY_VERSION = 1;
				DYLIB_CURRENT_VERSION = 1;
				DYLIB_INSTALL_NAME_BASE = "@rpath";
				INFOPLIST_FILE = OFFSDKtvOS/Info.plist;
				INSTALL_PATH = "$(LOCAL_LIBRARY_DIR)/Frameworks";
				LD_RUNPATH_SEARCH_PATHS = (
					"$(inherited)",
					"@executable_path/Frameworks",
					"@loader_path/Frameworks",
				);
				PRODUCT_BUNDLE_IDENTIFIER = com.aleahim.OFFSDKtvOS;
				PRODUCT_NAME = "$(TARGET_NAME:c99extidentifier)";
				SDKROOT = appletvos;
				SKIP_INSTALL = YES;
				SWIFT_OPTIMIZATION_LEVEL = "-Onone";
				SWIFT_VERSION = 4.2;
				TARGETED_DEVICE_FAMILY = 3;
				TVOS_DEPLOYMENT_TARGET = 12.0;
			};
			name = Debug;
		};
		A95BD2FE215D1D25009B84FD /* Release */ = {
			isa = XCBuildConfiguration;
			buildSettings = {
				CLANG_ENABLE_MODULES = YES;
				CODE_SIGN_IDENTITY = "";
				CODE_SIGN_STYLE = Automatic;
				DEFINES_MODULE = YES;
				DEVELOPMENT_TEAM = XBE2EP7T4F;
				DYLIB_COMPATIBILITY_VERSION = 1;
				DYLIB_CURRENT_VERSION = 1;
				DYLIB_INSTALL_NAME_BASE = "@rpath";
				INFOPLIST_FILE = OFFSDKtvOS/Info.plist;
				INSTALL_PATH = "$(LOCAL_LIBRARY_DIR)/Frameworks";
				LD_RUNPATH_SEARCH_PATHS = (
					"$(inherited)",
					"@executable_path/Frameworks",
					"@loader_path/Frameworks",
				);
				PRODUCT_BUNDLE_IDENTIFIER = com.aleahim.OFFSDKtvOS;
				PRODUCT_NAME = "$(TARGET_NAME:c99extidentifier)";
				SDKROOT = appletvos;
				SKIP_INSTALL = YES;
				SWIFT_VERSION = 4.2;
				TARGETED_DEVICE_FAMILY = 3;
				TVOS_DEPLOYMENT_TARGET = 12.0;
			};
			name = Release;
		};
		A95BD300215D1D25009B84FD /* Debug */ = {
			isa = XCBuildConfiguration;
			buildSettings = {
				ALWAYS_EMBED_SWIFT_STANDARD_LIBRARIES = YES;
				CODE_SIGN_STYLE = Automatic;
				DEVELOPMENT_TEAM = XBE2EP7T4F;
				INFOPLIST_FILE = OFFSDKtvOSTests/Info.plist;
				LD_RUNPATH_SEARCH_PATHS = (
					"$(inherited)",
					"@executable_path/Frameworks",
					"@loader_path/Frameworks",
				);
				PRODUCT_BUNDLE_IDENTIFIER = com.aleahim.OFFSDKtvOSTests;
				PRODUCT_NAME = "$(TARGET_NAME)";
				SDKROOT = appletvos;
				SWIFT_VERSION = 4.2;
				TARGETED_DEVICE_FAMILY = 3;
				TVOS_DEPLOYMENT_TARGET = 12.0;
			};
			name = Debug;
		};
		A95BD301215D1D25009B84FD /* Release */ = {
			isa = XCBuildConfiguration;
			buildSettings = {
				ALWAYS_EMBED_SWIFT_STANDARD_LIBRARIES = YES;
				CODE_SIGN_STYLE = Automatic;
				DEVELOPMENT_TEAM = XBE2EP7T4F;
				INFOPLIST_FILE = OFFSDKtvOSTests/Info.plist;
				LD_RUNPATH_SEARCH_PATHS = (
					"$(inherited)",
					"@executable_path/Frameworks",
					"@loader_path/Frameworks",
				);
				PRODUCT_BUNDLE_IDENTIFIER = com.aleahim.OFFSDKtvOSTests;
				PRODUCT_NAME = "$(TARGET_NAME)";
				SDKROOT = appletvos;
				SWIFT_VERSION = 4.2;
				TARGETED_DEVICE_FAMILY = 3;
				TVOS_DEPLOYMENT_TARGET = 12.0;
			};
			name = Release;
		};
		A95BD360215D31E1009B84FD /* Debug */ = {
			isa = XCBuildConfiguration;
			buildSettings = {
				ASSETCATALOG_COMPILER_APPICON_NAME = AppIcon;
				CODE_SIGN_STYLE = Automatic;
				DEVELOPMENT_TEAM = XBE2EP7T4F;
				INFOPLIST_FILE = OFFSDKiOSApp/Info.plist;
				LD_RUNPATH_SEARCH_PATHS = (
					"$(inherited)",
					"@executable_path/Frameworks",
				);
				PRODUCT_BUNDLE_IDENTIFIER = com.aleahim.OFFSDKiOSApp;
				PRODUCT_NAME = "$(TARGET_NAME)";
				SWIFT_VERSION = 4.2;
				TARGETED_DEVICE_FAMILY = "1,2";
			};
			name = Debug;
		};
		A95BD361215D31E1009B84FD /* Release */ = {
			isa = XCBuildConfiguration;
			buildSettings = {
				ASSETCATALOG_COMPILER_APPICON_NAME = AppIcon;
				CODE_SIGN_STYLE = Automatic;
				DEVELOPMENT_TEAM = XBE2EP7T4F;
				INFOPLIST_FILE = OFFSDKiOSApp/Info.plist;
				LD_RUNPATH_SEARCH_PATHS = (
					"$(inherited)",
					"@executable_path/Frameworks",
				);
				PRODUCT_BUNDLE_IDENTIFIER = com.aleahim.OFFSDKiOSApp;
				PRODUCT_NAME = "$(TARGET_NAME)";
				SWIFT_VERSION = 4.2;
				TARGETED_DEVICE_FAMILY = "1,2";
			};
			name = Release;
		};
		A95BD363215D31E1009B84FD /* Debug */ = {
			isa = XCBuildConfiguration;
			buildSettings = {
				ALWAYS_EMBED_SWIFT_STANDARD_LIBRARIES = YES;
				BUNDLE_LOADER = "$(TEST_HOST)";
				CODE_SIGN_STYLE = Automatic;
				DEVELOPMENT_TEAM = XBE2EP7T4F;
				INFOPLIST_FILE = OFFSDKiOSAppTests/Info.plist;
				LD_RUNPATH_SEARCH_PATHS = (
					"$(inherited)",
					"@executable_path/Frameworks",
					"@loader_path/Frameworks",
				);
				PRODUCT_BUNDLE_IDENTIFIER = com.aleahim.OFFSDKiOSAppTests;
				PRODUCT_NAME = "$(TARGET_NAME)";
				SWIFT_VERSION = 4.2;
				TARGETED_DEVICE_FAMILY = "1,2";
				TEST_HOST = "$(BUILT_PRODUCTS_DIR)/OFFSDKiOSApp.app/OFFSDKiOSApp";
			};
			name = Debug;
		};
		A95BD364215D31E1009B84FD /* Release */ = {
			isa = XCBuildConfiguration;
			buildSettings = {
				ALWAYS_EMBED_SWIFT_STANDARD_LIBRARIES = YES;
				BUNDLE_LOADER = "$(TEST_HOST)";
				CODE_SIGN_STYLE = Automatic;
				DEVELOPMENT_TEAM = XBE2EP7T4F;
				INFOPLIST_FILE = OFFSDKiOSAppTests/Info.plist;
				LD_RUNPATH_SEARCH_PATHS = (
					"$(inherited)",
					"@executable_path/Frameworks",
					"@loader_path/Frameworks",
				);
				PRODUCT_BUNDLE_IDENTIFIER = com.aleahim.OFFSDKiOSAppTests;
				PRODUCT_NAME = "$(TARGET_NAME)";
				SWIFT_VERSION = 4.2;
				TARGETED_DEVICE_FAMILY = "1,2";
				TEST_HOST = "$(BUILT_PRODUCTS_DIR)/OFFSDKiOSApp.app/OFFSDKiOSApp";
			};
			name = Release;
		};
/* End XCBuildConfiguration section */

/* Begin XCConfigurationList section */
		A95BD28E215D1C80009B84FD /* Build configuration list for PBXProject "OFFSDK" */ = {
			isa = XCConfigurationList;
			buildConfigurations = (
				A95BD2A6215D1C81009B84FD /* Debug */,
				A95BD2A7215D1C81009B84FD /* Release */,
			);
			defaultConfigurationIsVisible = 0;
			defaultConfigurationName = Release;
		};
		A95BD2C4215D1CDB009B84FD /* Build configuration list for PBXNativeTarget "OFFSDKiOS" */ = {
			isa = XCConfigurationList;
			buildConfigurations = (
				A95BD2C5215D1CDB009B84FD /* Debug */,
				A95BD2C6215D1CDB009B84FD /* Release */,
			);
			defaultConfigurationIsVisible = 0;
			defaultConfigurationName = Release;
		};
		A95BD2C7215D1CDB009B84FD /* Build configuration list for PBXNativeTarget "OFFSDKiOSTests" */ = {
			isa = XCConfigurationList;
			buildConfigurations = (
				A95BD2C8215D1CDB009B84FD /* Debug */,
				A95BD2C9215D1CDB009B84FD /* Release */,
			);
			defaultConfigurationIsVisible = 0;
			defaultConfigurationName = Release;
		};
		A95BD2E0215D1D08009B84FD /* Build configuration list for PBXNativeTarget "OFFSDKmacOS" */ = {
			isa = XCConfigurationList;
			buildConfigurations = (
				A95BD2E1215D1D08009B84FD /* Debug */,
				A95BD2E2215D1D08009B84FD /* Release */,
			);
			defaultConfigurationIsVisible = 0;
			defaultConfigurationName = Release;
		};
		A95BD2E3215D1D08009B84FD /* Build configuration list for PBXNativeTarget "OFFSDKmacOSTests" */ = {
			isa = XCConfigurationList;
			buildConfigurations = (
				A95BD2E4215D1D08009B84FD /* Debug */,
				A95BD2E5215D1D08009B84FD /* Release */,
			);
			defaultConfigurationIsVisible = 0;
			defaultConfigurationName = Release;
		};
		A95BD2FC215D1D25009B84FD /* Build configuration list for PBXNativeTarget "OFFSDKtvOS" */ = {
			isa = XCConfigurationList;
			buildConfigurations = (
				A95BD2FD215D1D25009B84FD /* Debug */,
				A95BD2FE215D1D25009B84FD /* Release */,
			);
			defaultConfigurationIsVisible = 0;
			defaultConfigurationName = Release;
		};
		A95BD2FF215D1D25009B84FD /* Build configuration list for PBXNativeTarget "OFFSDKtvOSTests" */ = {
			isa = XCConfigurationList;
			buildConfigurations = (
				A95BD300215D1D25009B84FD /* Debug */,
				A95BD301215D1D25009B84FD /* Release */,
			);
			defaultConfigurationIsVisible = 0;
			defaultConfigurationName = Release;
		};
		A95BD35F215D31E1009B84FD /* Build configuration list for PBXNativeTarget "OFFSDKiOSApp" */ = {
			isa = XCConfigurationList;
			buildConfigurations = (
				A95BD360215D31E1009B84FD /* Debug */,
				A95BD361215D31E1009B84FD /* Release */,
			);
			defaultConfigurationIsVisible = 0;
			defaultConfigurationName = Release;
		};
		A95BD362215D31E1009B84FD /* Build configuration list for PBXNativeTarget "OFFSDKiOSAppTests" */ = {
			isa = XCConfigurationList;
			buildConfigurations = (
				A95BD363215D31E1009B84FD /* Debug */,
				A95BD364215D31E1009B84FD /* Release */,
			);
			defaultConfigurationIsVisible = 0;
			defaultConfigurationName = Release;
		};
/* End XCConfigurationList section */
	};
	rootObject = A95BD28B215D1C80009B84FD /* Project object */;
}
